
Microsoft Visual Studio Solution File, Format Version 12.00
# Visual Studio 15
VisualStudioVersion = 15.0.27428.2002
MinimumVisualStudioVersion = 10.0.40219.1
Project("{FAE04EC0-301F-11D3-BF4B-00C04F79EFBC}") = "MemeLord", "MemeLord\MemeLord.csproj", "{148EAF60-05A9-45A5-BEA1-902D5645A82C}"
EndProject
Global
	GlobalSection(SolutionConfigurationPlatforms) = preSolution
		Debug|Any CPU = Debug|Any CPU
		Release|Any CPU = Release|Any CPU
	EndGlobalSection
	GlobalSection(ProjectConfigurationPlatforms) = postSolution
		{148EAF60-05A9-45A5-BEA1-902D5645A82C}.Debug|Any CPU.ActiveCfg = Debug|Any CPU
		{148EAF60-05A9-45A5-BEA1-902D5645A82C}.Debug|Any CPU.Build.0 = Debug|Any CPU
		{148EAF60-05A9-45A5-BEA1-902D5645A82C}.Release|Any CPU.ActiveCfg = Release|Any CPU
		{148EAF60-05A9-45A5-BEA1-902D5645A82C}.Release|Any CPU.Build.0 = Release|Any CPU
	EndGlobalSection
	GlobalSection(SolutionProperties) = preSolution
		HideSolutionNode = FALSE
	EndGlobalSection
	GlobalSection(ExtensibilityGlobals) = postSolution
		SolutionGuid = {CF4DC85A-B928-41E4-B252-995F2E6A2176}
	EndGlobalSection
EndGlobal
